
Microsoft Visual Studio Solution File, Format Version 12.00
# Visual Studio Version 17
VisualStudioVersion = 17.4.33213.308
MinimumVisualStudioVersion = 10.0.40219.1
Project("{FAE04EC0-301F-11D3-BF4B-00C04F79EFBC}") = "BachHoaXanhNew", "BachHoaXanhNew\BachHoaXanhNew.csproj", "{7AFD324F-7EFD-4358-8337-B81958D73F40}"
EndProject
Global
	GlobalSection(SolutionConfigurationPlatforms) = preSolution
		Debug|Any CPU = Debug|Any CPU
		Release|Any CPU = Release|Any CPU
	EndGlobalSection
	GlobalSection(ProjectConfigurationPlatforms) = postSolution
		{7AFD324F-7EFD-4358-8337-B81958D73F40}.Debug|Any CPU.ActiveCfg = Debug|Any CPU
		{7AFD324F-7EFD-4358-8337-B81958D73F40}.Debug|Any CPU.Build.0 = Debug|Any CPU
		{7AFD324F-7EFD-4358-8337-B81958D73F40}.Release|Any CPU.ActiveCfg = Release|Any CPU
		{7AFD324F-7EFD-4358-8337-B81958D73F40}.Release|Any CPU.Build.0 = Release|Any CPU
	EndGlobalSection
	GlobalSection(SolutionProperties) = preSolution
		HideSolutionNode = FALSE
	EndGlobalSection
	GlobalSection(ExtensibilityGlobals) = postSolution
		SolutionGuid = {18991204-3F62-4DA7-933B-42CA570982A8}
	EndGlobalSection
EndGlobal
